
Microsoft Visual Studio Solution File, Format Version 12.00
# Visual Studio 15
VisualStudioVersion = 15.0.27703.2018
MinimumVisualStudioVersion = 10.0.40219.1
Project("{9A19103F-16F7-4668-BE54-9A1E7A4F7556}") = "P01_HospitalDatabase", "P01_HospitalDatabase\P01_HospitalDatabase.csproj", "{D1570905-C7C4-441A-899D-6886ABDAE6D3}"
EndProject
Project("{9A19103F-16F7-4668-BE54-9A1E7A4F7556}") = "P01_HospitalDatabase.Data", "P01_HospitalDatabase.Data\P01_HospitalDatabase.Data.csproj", "{0EBCAA86-25DF-4858-AF84-ABF21F08B521}"
EndProject
Project("{9A19103F-16F7-4668-BE54-9A1E7A4F7556}") = "P01_HospitalDatabase.Data.Models", "P01_HospitalDatabase.Data.Models\P01_HospitalDatabase.Data.Models.csproj", "{50D95235-D656-4F7F-B83D-C7EDCD0901DA}"
EndProject
Project("{9A19103F-16F7-4668-BE54-9A1E7A4F7556}") = "HospitalDatabaseInitializer", "..\..\..\DatabaseEntityFramework\05.Code-First\HospitalDatabaseInitializer\HospitalDatabaseInitializer.csproj", "{A6D0DA91-317E-48BF-B099-80D1B07131CA}"
EndProject
Global
	GlobalSection(SolutionConfigurationPlatforms) = preSolution
		Debug|Any CPU = Debug|Any CPU
		Release|Any CPU = Release|Any CPU
	EndGlobalSection
	GlobalSection(ProjectConfigurationPlatforms) = postSolution
		{D1570905-C7C4-441A-899D-6886ABDAE6D3}.Debug|Any CPU.ActiveCfg = Debug|Any CPU
		{D1570905-C7C4-441A-899D-6886ABDAE6D3}.Debug|Any CPU.Build.0 = Debug|Any CPU
		{D1570905-C7C4-441A-899D-6886ABDAE6D3}.Release|Any CPU.ActiveCfg = Release|Any CPU
		{D1570905-C7C4-441A-899D-6886ABDAE6D3}.Release|Any CPU.Build.0 = Release|Any CPU
		{0EBCAA86-25DF-4858-AF84-ABF21F08B521}.Debug|Any CPU.ActiveCfg = Debug|Any CPU
		{0EBCAA86-25DF-4858-AF84-ABF21F08B521}.Debug|Any CPU.Build.0 = Debug|Any CPU
		{0EBCAA86-25DF-4858-AF84-ABF21F08B521}.Release|Any CPU.ActiveCfg = Release|Any CPU
		{0EBCAA86-25DF-4858-AF84-ABF21F08B521}.Release|Any CPU.Build.0 = Release|Any CPU
		{50D95235-D656-4F7F-B83D-C7EDCD0901DA}.Debug|Any CPU.ActiveCfg = Debug|Any CPU
		{50D95235-D656-4F7F-B83D-C7EDCD0901DA}.Debug|Any CPU.Build.0 = Debug|Any CPU
		{50D95235-D656-4F7F-B83D-C7EDCD0901DA}.Release|Any CPU.ActiveCfg = Release|Any CPU
		{50D95235-D656-4F7F-B83D-C7EDCD0901DA}.Release|Any CPU.Build.0 = Release|Any CPU
		{A6D0DA91-317E-48BF-B099-80D1B07131CA}.Debug|Any CPU.ActiveCfg = Debug|Any CPU
		{A6D0DA91-317E-48BF-B099-80D1B07131CA}.Debug|Any CPU.Build.0 = Debug|Any CPU
		{A6D0DA91-317E-48BF-B099-80D1B07131CA}.Release|Any CPU.ActiveCfg = Release|Any CPU
		{A6D0DA91-317E-48BF-B099-80D1B07131CA}.Release|Any CPU.Build.0 = Release|Any CPU
	EndGlobalSection
	GlobalSection(SolutionProperties) = preSolution
		HideSolutionNode = FALSE
	EndGlobalSection
	GlobalSection(ExtensibilityGlobals) = postSolution
		SolutionGuid = {ABD92DA4-F826-4839-BF1C-BFC7EF00E741}
	EndGlobalSection
EndGlobal
