
Microsoft Visual Studio Solution File, Format Version 12.00
# Visual Studio 15
VisualStudioVersion = 15.0.27703.2018
MinimumVisualStudioVersion = 10.0.40219.1
Project("{FAE04EC0-301F-11D3-BF4B-00C04F79EFBC}") = "P01_BillsPaymentSystem", "P01_BillsPaymentSystem\P01_BillsPaymentSystem.csproj", "{A52F0862-B2F1-40B8-90C7-7AA001FC2C5C}"
EndProject
Project("{FAE04EC0-301F-11D3-BF4B-00C04F79EFBC}") = "P01_BillsPaymentSystem.Data", "P01_BillsPaymentSystem.Data\P01_BillsPaymentSystem.Data.csproj", "{312753BB-D323-438F-9622-A6C40394E352}"
EndProject
Project("{FAE04EC0-301F-11D3-BF4B-00C04F79EFBC}") = "P01_BillsPaymentSystem.Data.Models", "P01_BillsPaymentSystem.Data.Models\P01_BillsPaymentSystem.Data.Models.csproj", "{491696AA-B990-4153-84B1-79CDC7F5DE3D}"
EndProject
Global
	GlobalSection(SolutionConfigurationPlatforms) = preSolution
		Debug|Any CPU = Debug|Any CPU
		Release|Any CPU = Release|Any CPU
	EndGlobalSection
	GlobalSection(ProjectConfigurationPlatforms) = postSolution
		{A52F0862-B2F1-40B8-90C7-7AA001FC2C5C}.Debug|Any CPU.ActiveCfg = Debug|Any CPU
		{A52F0862-B2F1-40B8-90C7-7AA001FC2C5C}.Debug|Any CPU.Build.0 = Debug|Any CPU
		{A52F0862-B2F1-40B8-90C7-7AA001FC2C5C}.Release|Any CPU.ActiveCfg = Release|Any CPU
		{A52F0862-B2F1-40B8-90C7-7AA001FC2C5C}.Release|Any CPU.Build.0 = Release|Any CPU
		{312753BB-D323-438F-9622-A6C40394E352}.Debug|Any CPU.ActiveCfg = Debug|Any CPU
		{312753BB-D323-438F-9622-A6C40394E352}.Debug|Any CPU.Build.0 = Debug|Any CPU
		{312753BB-D323-438F-9622-A6C40394E352}.Release|Any CPU.ActiveCfg = Release|Any CPU
		{312753BB-D323-438F-9622-A6C40394E352}.Release|Any CPU.Build.0 = Release|Any CPU
		{491696AA-B990-4153-84B1-79CDC7F5DE3D}.Debug|Any CPU.ActiveCfg = Debug|Any CPU
		{491696AA-B990-4153-84B1-79CDC7F5DE3D}.Debug|Any CPU.Build.0 = Debug|Any CPU
		{491696AA-B990-4153-84B1-79CDC7F5DE3D}.Release|Any CPU.ActiveCfg = Release|Any CPU
		{491696AA-B990-4153-84B1-79CDC7F5DE3D}.Release|Any CPU.Build.0 = Release|Any CPU
	EndGlobalSection
	GlobalSection(SolutionProperties) = preSolution
		HideSolutionNode = FALSE
	EndGlobalSection
	GlobalSection(ExtensibilityGlobals) = postSolution
		SolutionGuid = {BCE651FC-2418-4F91-A2B9-BAAC3354B9A2}
	EndGlobalSection
EndGlobal
