
Microsoft Visual Studio Solution File, Format Version 12.00
# Visual Studio 15
VisualStudioVersion = 15.0.27703.2018
MinimumVisualStudioVersion = 10.0.40219.1
Project("{FAE04EC0-301F-11D3-BF4B-00C04F79EFBC}") = "01.InitialSetup", "01.InitialSetup\01.InitialSetup.csproj", "{6BA4965E-C8B8-4B5F-B710-A097F41F1EAD}"
EndProject
Project("{FAE04EC0-301F-11D3-BF4B-00C04F79EFBC}") = "02.VillainNames", "02.VillainNames\02.VillainNames.csproj", "{57F723C2-312D-4DEB-8DF4-AD88A427DAA6}"
EndProject
Project("{FAE04EC0-301F-11D3-BF4B-00C04F79EFBC}") = "03.MinionNames", "03.MinionNames\03.MinionNames.csproj", "{21CAE9E7-4215-4B06-A81D-A98787C4B573}"
EndProject
Global
	GlobalSection(SolutionConfigurationPlatforms) = preSolution
		Debug|Any CPU = Debug|Any CPU
		Release|Any CPU = Release|Any CPU
	EndGlobalSection
	GlobalSection(ProjectConfigurationPlatforms) = postSolution
		{6BA4965E-C8B8-4B5F-B710-A097F41F1EAD}.Debug|Any CPU.ActiveCfg = Debug|Any CPU
		{6BA4965E-C8B8-4B5F-B710-A097F41F1EAD}.Debug|Any CPU.Build.0 = Debug|Any CPU
		{6BA4965E-C8B8-4B5F-B710-A097F41F1EAD}.Release|Any CPU.ActiveCfg = Release|Any CPU
		{6BA4965E-C8B8-4B5F-B710-A097F41F1EAD}.Release|Any CPU.Build.0 = Release|Any CPU
		{57F723C2-312D-4DEB-8DF4-AD88A427DAA6}.Debug|Any CPU.ActiveCfg = Debug|Any CPU
		{57F723C2-312D-4DEB-8DF4-AD88A427DAA6}.Debug|Any CPU.Build.0 = Debug|Any CPU
		{57F723C2-312D-4DEB-8DF4-AD88A427DAA6}.Release|Any CPU.ActiveCfg = Release|Any CPU
		{57F723C2-312D-4DEB-8DF4-AD88A427DAA6}.Release|Any CPU.Build.0 = Release|Any CPU
		{21CAE9E7-4215-4B06-A81D-A98787C4B573}.Debug|Any CPU.ActiveCfg = Debug|Any CPU
		{21CAE9E7-4215-4B06-A81D-A98787C4B573}.Debug|Any CPU.Build.0 = Debug|Any CPU
		{21CAE9E7-4215-4B06-A81D-A98787C4B573}.Release|Any CPU.ActiveCfg = Release|Any CPU
		{21CAE9E7-4215-4B06-A81D-A98787C4B573}.Release|Any CPU.Build.0 = Release|Any CPU
	EndGlobalSection
	GlobalSection(SolutionProperties) = preSolution
		HideSolutionNode = FALSE
	EndGlobalSection
	GlobalSection(ExtensibilityGlobals) = postSolution
		SolutionGuid = {4611BACC-41EF-434C-9760-41814FECE4E5}
	EndGlobalSection
EndGlobal
